
Microsoft Visual Studio Solution File, Format Version 12.00
# Visual Studio 2012
Project("{FAE04EC0-301F-11D3-BF4B-00C04F79EFBC}") = "lab1", "lab1\lab1.csproj", "{D4D7F18A-23DA-4975-803A-475BACF85528}"
EndProject
Project("{FAE04EC0-301F-11D3-BF4B-00C04F79EFBC}") = "lab2", "lab2\lab2.csproj", "{3B1471D1-B869-4B88-9EE9-AED2DC939B2B}"
EndProject
Project("{FAE04EC0-301F-11D3-BF4B-00C04F79EFBC}") = "lab3", "lab3\lab3.csproj", "{1AED1EDA-AB1F-4E6A-A607-555111C8E70A}"
EndProject
Project("{FAE04EC0-301F-11D3-BF4B-00C04F79EFBC}") = "lab4", "lab4\lab4.csproj", "{4B7335C3-F27E-441C-9448-794366043CD1}"
EndProject
Project("{FAE04EC0-301F-11D3-BF4B-00C04F79EFBC}") = "lab5", "lab5\lab5.csproj", "{28487875-075F-4EED-ACBC-B431BCAD2710}"
EndProject
Project("{FAE04EC0-301F-11D3-BF4B-00C04F79EFBC}") = "lab6", "lab6\lab6.csproj", "{F081FA0C-AF0D-4B4A-AF00-DD4391CE382D}"
EndProject
Project("{FAE04EC0-301F-11D3-BF4B-00C04F79EFBC}") = "lab7", "lab7\lab7.csproj", "{07408879-6EC5-4839-936E-343A5E9470F0}"
EndProject
Global
	GlobalSection(SolutionConfigurationPlatforms) = preSolution
		Debug|Any CPU = Debug|Any CPU
		Release|Any CPU = Release|Any CPU
	EndGlobalSection
	GlobalSection(ProjectConfigurationPlatforms) = postSolution
		{D4D7F18A-23DA-4975-803A-475BACF85528}.Debug|Any CPU.ActiveCfg = Debug|Any CPU
		{D4D7F18A-23DA-4975-803A-475BACF85528}.Debug|Any CPU.Build.0 = Debug|Any CPU
		{D4D7F18A-23DA-4975-803A-475BACF85528}.Release|Any CPU.ActiveCfg = Release|Any CPU
		{D4D7F18A-23DA-4975-803A-475BACF85528}.Release|Any CPU.Build.0 = Release|Any CPU
		{3B1471D1-B869-4B88-9EE9-AED2DC939B2B}.Debug|Any CPU.ActiveCfg = Debug|Any CPU
		{3B1471D1-B869-4B88-9EE9-AED2DC939B2B}.Debug|Any CPU.Build.0 = Debug|Any CPU
		{3B1471D1-B869-4B88-9EE9-AED2DC939B2B}.Release|Any CPU.ActiveCfg = Release|Any CPU
		{3B1471D1-B869-4B88-9EE9-AED2DC939B2B}.Release|Any CPU.Build.0 = Release|Any CPU
		{1AED1EDA-AB1F-4E6A-A607-555111C8E70A}.Debug|Any CPU.ActiveCfg = Debug|Any CPU
		{1AED1EDA-AB1F-4E6A-A607-555111C8E70A}.Debug|Any CPU.Build.0 = Debug|Any CPU
		{1AED1EDA-AB1F-4E6A-A607-555111C8E70A}.Release|Any CPU.ActiveCfg = Release|Any CPU
		{1AED1EDA-AB1F-4E6A-A607-555111C8E70A}.Release|Any CPU.Build.0 = Release|Any CPU
		{4B7335C3-F27E-441C-9448-794366043CD1}.Debug|Any CPU.ActiveCfg = Debug|Any CPU
		{4B7335C3-F27E-441C-9448-794366043CD1}.Debug|Any CPU.Build.0 = Debug|Any CPU
		{4B7335C3-F27E-441C-9448-794366043CD1}.Release|Any CPU.ActiveCfg = Release|Any CPU
		{4B7335C3-F27E-441C-9448-794366043CD1}.Release|Any CPU.Build.0 = Release|Any CPU
		{28487875-075F-4EED-ACBC-B431BCAD2710}.Debug|Any CPU.ActiveCfg = Debug|Any CPU
		{28487875-075F-4EED-ACBC-B431BCAD2710}.Debug|Any CPU.Build.0 = Debug|Any CPU
		{28487875-075F-4EED-ACBC-B431BCAD2710}.Release|Any CPU.ActiveCfg = Release|Any CPU
		{28487875-075F-4EED-ACBC-B431BCAD2710}.Release|Any CPU.Build.0 = Release|Any CPU
		{F081FA0C-AF0D-4B4A-AF00-DD4391CE382D}.Debug|Any CPU.ActiveCfg = Debug|Any CPU
		{F081FA0C-AF0D-4B4A-AF00-DD4391CE382D}.Debug|Any CPU.Build.0 = Debug|Any CPU
		{F081FA0C-AF0D-4B4A-AF00-DD4391CE382D}.Release|Any CPU.ActiveCfg = Release|Any CPU
		{F081FA0C-AF0D-4B4A-AF00-DD4391CE382D}.Release|Any CPU.Build.0 = Release|Any CPU
		{07408879-6EC5-4839-936E-343A5E9470F0}.Debug|Any CPU.ActiveCfg = Debug|Any CPU
		{07408879-6EC5-4839-936E-343A5E9470F0}.Debug|Any CPU.Build.0 = Debug|Any CPU
		{07408879-6EC5-4839-936E-343A5E9470F0}.Release|Any CPU.ActiveCfg = Release|Any CPU
		{07408879-6EC5-4839-936E-343A5E9470F0}.Release|Any CPU.Build.0 = Release|Any CPU
	EndGlobalSection
	GlobalSection(SolutionProperties) = preSolution
		HideSolutionNode = FALSE
	EndGlobalSection
EndGlobal
